
Microsoft Visual Studio Solution File, Format Version 12.00
# Visual Studio Version 17
VisualStudioVersion = 17.4.33213.308
MinimumVisualStudioVersion = 10.0.40219.1
Project("{FAE04EC0-301F-11D3-BF4B-00C04F79EFBC}") = "Add_Remove_UsingListTuples (Assignment 11)", "Add_Remove_UsingListTuples (Assignment 11)\Add_Remove_UsingListTuples (Assignment 11).csproj", "{44046FB5-C80D-432A-A835-13DE0F83210A}"
EndProject
Global
	GlobalSection(SolutionConfigurationPlatforms) = preSolution
		Debug|Any CPU = Debug|Any CPU
		Release|Any CPU = Release|Any CPU
	EndGlobalSection
	GlobalSection(ProjectConfigurationPlatforms) = postSolution
		{44046FB5-C80D-432A-A835-13DE0F83210A}.Debug|Any CPU.ActiveCfg = Debug|Any CPU
		{44046FB5-C80D-432A-A835-13DE0F83210A}.Debug|Any CPU.Build.0 = Debug|Any CPU
		{44046FB5-C80D-432A-A835-13DE0F83210A}.Release|Any CPU.ActiveCfg = Release|Any CPU
		{44046FB5-C80D-432A-A835-13DE0F83210A}.Release|Any CPU.Build.0 = Release|Any CPU
	EndGlobalSection
	GlobalSection(SolutionProperties) = preSolution
		HideSolutionNode = FALSE
	EndGlobalSection
	GlobalSection(ExtensibilityGlobals) = postSolution
		SolutionGuid = {21CA9606-C16F-4052-853D-7B85F5EC6094}
	EndGlobalSection
EndGlobal
