
Microsoft Visual Studio Solution File, Format Version 12.00
# Visual Studio Version 17
VisualStudioVersion = 17.4.33213.308
MinimumVisualStudioVersion = 10.0.40219.1
Project("{FAE04EC0-301F-11D3-BF4B-00C04F79EFBC}") = "ArrayList_Task", "ArrayList_Task\ArrayList_Task.csproj", "{8B71576D-4F79-4148-A628-C3419B6072B9}"
EndProject
Global
	GlobalSection(SolutionConfigurationPlatforms) = preSolution
		Debug|Any CPU = Debug|Any CPU
		Release|Any CPU = Release|Any CPU
	EndGlobalSection
	GlobalSection(ProjectConfigurationPlatforms) = postSolution
		{8B71576D-4F79-4148-A628-C3419B6072B9}.Debug|Any CPU.ActiveCfg = Debug|Any CPU
		{8B71576D-4F79-4148-A628-C3419B6072B9}.Debug|Any CPU.Build.0 = Debug|Any CPU
		{8B71576D-4F79-4148-A628-C3419B6072B9}.Release|Any CPU.ActiveCfg = Release|Any CPU
		{8B71576D-4F79-4148-A628-C3419B6072B9}.Release|Any CPU.Build.0 = Release|Any CPU
	EndGlobalSection
	GlobalSection(SolutionProperties) = preSolution
		HideSolutionNode = FALSE
	EndGlobalSection
	GlobalSection(ExtensibilityGlobals) = postSolution
		SolutionGuid = {21A9E3D3-8249-4801-9B5C-BF08027AB12E}
	EndGlobalSection
EndGlobal
