
Microsoft Visual Studio Solution File, Format Version 12.00
# Visual Studio Version 17
VisualStudioVersion = 17.4.33213.308
MinimumVisualStudioVersion = 10.0.40219.1
Project("{FAE04EC0-301F-11D3-BF4B-00C04F79EFBC}") = "Encryption_Task", "Encryption_Task\Encryption_Task.csproj", "{7A8F5523-2D25-472F-B2D5-DE8E84B55A55}"
EndProject
Global
	GlobalSection(SolutionConfigurationPlatforms) = preSolution
		Debug|Any CPU = Debug|Any CPU
		Release|Any CPU = Release|Any CPU
	EndGlobalSection
	GlobalSection(ProjectConfigurationPlatforms) = postSolution
		{7A8F5523-2D25-472F-B2D5-DE8E84B55A55}.Debug|Any CPU.ActiveCfg = Debug|Any CPU
		{7A8F5523-2D25-472F-B2D5-DE8E84B55A55}.Debug|Any CPU.Build.0 = Debug|Any CPU
		{7A8F5523-2D25-472F-B2D5-DE8E84B55A55}.Release|Any CPU.ActiveCfg = Release|Any CPU
		{7A8F5523-2D25-472F-B2D5-DE8E84B55A55}.Release|Any CPU.Build.0 = Release|Any CPU
	EndGlobalSection
	GlobalSection(SolutionProperties) = preSolution
		HideSolutionNode = FALSE
	EndGlobalSection
	GlobalSection(ExtensibilityGlobals) = postSolution
		SolutionGuid = {6BCD4F03-7993-4111-8BA8-E4495AE4D103}
	EndGlobalSection
EndGlobal
